{
  "name": "CommonJS-loadAMD",
  "version": "1.0.0",
  "lockfileVersion": 2,
  "requires": true,
  "packages": {
    "": {
      "name": "CommonJS-loadAMD",
      "version": "1.0.0",
      "license": "ISC",
      "dependencies": {
        "amd-loader": "^0.0.8"
      }
    },
    "node_modules/amd-loader": {
      "version": "0.0.8",
      "resolved": "https://registry.npmmirror.com/amd-loader/-/amd-loader-0.0.8.tgz",
      "integrity": "sha512-YJgw11wwS+bUyS8Z9GSnx92cfiVTqZBbMljk2r8AMKCPh0eXLNEcbZfH6CoRN1UEyWEKJN7YJjSzieoulphsZg==",
      "engines": {
        "node": ">= 0.4.11"
      }
    }
  },
  "dependencies": {
    "amd-loader": {
      "version": "0.0.8",
      "resolved": "https://registry.npmmirror.com/amd-loader/-/amd-loader-0.0.8.tgz",
      "integrity": "sha512-YJgw11wwS+bUyS8Z9GSnx92cfiVTqZBbMljk2r8AMKCPh0eXLNEcbZfH6CoRN1UEyWEKJN7YJjSzieoulphsZg=="
    }
  }
}
